
Microsoft Visual Studio Solution File, Format Version 12.00
Project("{FAE04EC0-301F-11D3-BF4B-00C04F79EFBC}") = "AxiomDemo", "AxiomDemo.csproj", "{8296D9C8-DCE8-4640-B25E-96E83F68A432}"
EndProject
Global
	GlobalSection(SolutionConfigurationPlatforms) = preSolution
		Debug|Any CPU = Debug|Any CPU
		Release|Any CPU = Release|Any CPU
	EndGlobalSection
	GlobalSection(ProjectConfigurationPlatforms) = postSolution
		{8296D9C8-DCE8-4640-B25E-96E83F68A432}.Debug|Any CPU.ActiveCfg = Debug|Any CPU
		{8296D9C8-DCE8-4640-B25E-96E83F68A432}.Debug|Any CPU.Build.0 = Debug|Any CPU
		{8296D9C8-DCE8-4640-B25E-96E83F68A432}.Release|Any CPU.ActiveCfg = Release|Any CPU
		{8296D9C8-DCE8-4640-B25E-96E83F68A432}.Release|Any CPU.Build.0 = Release|Any CPU
	EndGlobalSection
EndGlobal
